
Microsoft Visual Studio Solution File, Format Version 12.00
# Visual Studio Version 17
VisualStudioVersion = 17.8.34525.116
MinimumVisualStudioVersion = 10.0.40219.1
Project("{FAE04EC0-301F-11D3-BF4B-00C04F79EFBC}") = "BulkyWeb", "BulkyWeb\BulkyWeb.csproj", "{AD7BC4BB-A9D3-4C0E-932D-73119FC9C8B1}"
EndProject
Global
	GlobalSection(SolutionConfigurationPlatforms) = preSolution
		Debug|Any CPU = Debug|Any CPU
		Release|Any CPU = Release|Any CPU
	EndGlobalSection
	GlobalSection(ProjectConfigurationPlatforms) = postSolution
		{AD7BC4BB-A9D3-4C0E-932D-73119FC9C8B1}.Debug|Any CPU.ActiveCfg = Debug|Any CPU
		{AD7BC4BB-A9D3-4C0E-932D-73119FC9C8B1}.Debug|Any CPU.Build.0 = Debug|Any CPU
		{AD7BC4BB-A9D3-4C0E-932D-73119FC9C8B1}.Release|Any CPU.ActiveCfg = Release|Any CPU
		{AD7BC4BB-A9D3-4C0E-932D-73119FC9C8B1}.Release|Any CPU.Build.0 = Release|Any CPU
	EndGlobalSection
	GlobalSection(SolutionProperties) = preSolution
		HideSolutionNode = FALSE
	EndGlobalSection
	GlobalSection(ExtensibilityGlobals) = postSolution
		SolutionGuid = {F2458945-BA62-4E11-90D1-CE5574C26295}
	EndGlobalSection
EndGlobal
